
Microsoft Visual Studio Solution File, Format Version 12.00
# Visual Studio Version 17
VisualStudioVersion = 17.14.36511.14 d17.14
MinimumVisualStudioVersion = 10.0.40219.1
Project("{D2ABAB84-BF74-430A-B69E-9DC6D40DDA17}") = "SSAS_TaiwanDengue", "SSAS_TaiwanDengue.dwproj", "{6B14E3A6-1116-F453-A179-D081B74111F5}"
EndProject
Global
	GlobalSection(SolutionConfigurationPlatforms) = preSolution
		Development|Default = Development|Default
	EndGlobalSection
	GlobalSection(ProjectConfigurationPlatforms) = postSolution
		{6B14E3A6-1116-F453-A179-D081B74111F5}.Development|Default.ActiveCfg = Development
		{6B14E3A6-1116-F453-A179-D081B74111F5}.Development|Default.Build.0 = Development
		{6B14E3A6-1116-F453-A179-D081B74111F5}.Development|Default.Deploy.0 = Development
	EndGlobalSection
	GlobalSection(SolutionProperties) = preSolution
		HideSolutionNode = FALSE
	EndGlobalSection
	GlobalSection(ExtensibilityGlobals) = postSolution
		SolutionGuid = {414A9859-D055-407F-BA22-A88AB8008638}
	EndGlobalSection
EndGlobal
